
Microsoft Visual Studio Solution File, Format Version 12.00
# Visual Studio Version 17
VisualStudioVersion = 17.10.35122.118
MinimumVisualStudioVersion = 10.0.40219.1
Project("{FAE04EC0-301F-11D3-BF4B-00C04F79EFBC}") = "NewCohort", "NewCohort\NewCohort.csproj", "{FB7134C8-0D44-4F7D-98F6-ABB48486EDDA}"
EndProject
Global
	GlobalSection(SolutionConfigurationPlatforms) = preSolution
		Debug|Any CPU = Debug|Any CPU
		Release|Any CPU = Release|Any CPU
	EndGlobalSection
	GlobalSection(ProjectConfigurationPlatforms) = postSolution
		{FB7134C8-0D44-4F7D-98F6-ABB48486EDDA}.Debug|Any CPU.ActiveCfg = Debug|Any CPU
		{FB7134C8-0D44-4F7D-98F6-ABB48486EDDA}.Debug|Any CPU.Build.0 = Debug|Any CPU
		{FB7134C8-0D44-4F7D-98F6-ABB48486EDDA}.Release|Any CPU.ActiveCfg = Release|Any CPU
		{FB7134C8-0D44-4F7D-98F6-ABB48486EDDA}.Release|Any CPU.Build.0 = Release|Any CPU
	EndGlobalSection
	GlobalSection(SolutionProperties) = preSolution
		HideSolutionNode = FALSE
	EndGlobalSection
	GlobalSection(ExtensibilityGlobals) = postSolution
		SolutionGuid = {DA187629-94C3-449B-8F28-C25AF1FAF6F6}
	EndGlobalSection
EndGlobal
